PODS:
  - Flutter (1.0.0)
  - geolocator_apple (1.2.0):
    - Flutter
  - integration_test (0.0.1):
    - Flutter
  - tomtom_flutter_map_ios (0.0.1):
    - Flutter
    - TomTomFlutterSDKMap (= 0.1.5)
  - TomTomFlutterSDKCore (0.1.5):
    - Flutter
    - TomTomSDKCommon (= 0.49.0)
    - TomTomSDKLocationProvider (= 0.49.0)
  - TomTomFlutterSDKMap (0.1.5):
    - Flutter
    - TomTomFlutterSDKCore (= 0.1.5)
    - TomTomSDKCommon (= 0.49.0)
    - TomTomSDKMapDisplay (= 0.49.0)
  - TomTomSDKBindingFrameworkLoggingInternal (0.49.0)
  - TomTomSDKBindingMapDisplayEngineInternal (0.49.0)
  - TomTomSDKCommon (0.49.0):
    - TomTomSDKBindingFrameworkLoggingInternal (= 0.49.0)
  - TomTomSDKFeatureToggle (0.49.0):
    - TomTomSDKCommon (= 0.49.0)
  - TomTomSDKLocationProvider (0.49.0):
    - TomTomSDKCommon (= 0.49.0)
  - TomTomSDKMapDisplay (0.49.0):
    - TomTomSDKBindingMapDisplayEngineInternal (= 0.49.0)
    - TomTomSDKCommon (= 0.49.0)
    - TomTomSDKFeatureToggle (= 0.49.0)
    - TomTomSDKLocationProvider (= 0.49.0)

DEPENDENCIES:
  - Flutter (from `Flutter`)
  - geolocator_apple (from `.symlinks/plugins/geolocator_apple/ios`)
  - integration_test (from `.symlinks/plugins/integration_test/ios`)
  - tomtom_flutter_map_ios (from `.symlinks/plugins/tomtom_flutter_map_ios/ios`)

SPEC REPOS:
  https://dl.cloudsmith.io/e7eYXMXKu1beSxAn/journey-technologies/tomtom_flutter/cocoapods/index.git:
    - TomTomFlutterSDKCore
    - TomTomFlutterSDKMap
    - TomTomSDKBindingFrameworkLoggingInternal
    - TomTomSDKBindingMapDisplayEngineInternal
    - TomTomSDKCommon
    - TomTomSDKFeatureToggle
    - TomTomSDKLocationProvider
    - TomTomSDKMapDisplay

EXTERNAL SOURCES:
  Flutter:
    :path: Flutter
  geolocator_apple:
    :path: ".symlinks/plugins/geolocator_apple/ios"
  integration_test:
    :path: ".symlinks/plugins/integration_test/ios"
  tomtom_flutter_map_ios:
    :path: ".symlinks/plugins/tomtom_flutter_map_ios/ios"

SPEC CHECKSUMS:
  Flutter: e0871f40cf51350855a761d2e70bf5af5b9b5de7
  geolocator_apple: 6cbaf322953988e009e5ecb481f07efece75c450
  integration_test: ce0a3ffa1de96d1a89ca0ac26fca7ea18a749ef4
  tomtom_flutter_map_ios: 9eab658967a140dca4f5399093965a5329ad6bca
  TomTomFlutterSDKCore: d2dc933e518946b5e883b739f7bca42b687610f6
  TomTomFlutterSDKMap: 74da072cdb299ecf707f379e9a07902dd9995773
  TomTomSDKBindingFrameworkLoggingInternal: f867ae8465840d98c020164c9dcac7f5248d7f9f
  TomTomSDKBindingMapDisplayEngineInternal: 08086ea6e3d4865d13c4a7c97ae3394d2624d26e
  TomTomSDKCommon: bc2c3997d9edc47e4e5b76a6c3ecaba6020c62fb
  TomTomSDKFeatureToggle: 637701c805651382fdcd7bd596b861d7d33ed205
  TomTomSDKLocationProvider: 1c270882182289baa43b91b6dd13db17bf3281b1
  TomTomSDKMapDisplay: f72306493da59f16a67c82e1406021558da0140a

PODFILE CHECKSUM: 641d63c43342e4095f817f598ff6b4eb74991a1b

COCOAPODS: 1.13.0
